// !$*UTF8*$!
{
	archiveVersion = 1;
	classes = {
	};
	objectVersion = 54;
	objects = {

/* Begin PBXBuildFile section */
		00E356F31AD99517003FC87E /* bancolombia0823Tests.m in Sources */ = {isa = PBXBuildFile; fileRef = 00E356F21AD99517003FC87E /* bancolombia0823Tests.m */; };
		0AA3E751AB4B478AA382AA0D /* CIBFontSans-Thin.otf in Resources */ = {isa = PBXBuildFile; fileRef = 8E66920DEC664F93B7E980D2 /* CIBFontSans-Thin.otf */; };
		13B07FBC1A68108700A75B9A /* AppDelegate.mm in Sources */ = {isa = PBXBuildFile; fileRef = 13B07FB01A68108700A75B9A /* AppDelegate.mm */; };
		13B07FBF1A68108700A75B9A /* Images.xcassets in Resources */ = {isa = PBXBuildFile; fileRef = 13B07FB51A68108700A75B9A /* Images.xcassets */; };
		13B07FC11A68108700A75B9A /* main.m in Sources */ = {isa = PBXBuildFile; fileRef = 13B07FB71A68108700A75B9A /* main.m */; };
		282869ED45CA44D29B1810D7 /* CIBFontSans-Regular.otf in Resources */ = {isa = PBXBuildFile; fileRef = E6CB2D71B4B3450A83F2C056 /* CIBFontSans-Regular.otf */; };
		2EDAC18FE7B64F35AAC65CDA /* SF-Pro.ttf in Resources */ = {isa = PBXBuildFile; fileRef = A97C1ABCAA4D45A8B972FA2B /* SF-Pro.ttf */; };
		36759670149E4534996F7C1C /* CIBFontSans-Bold.otf in Resources */ = {isa = PBXBuildFile; fileRef = 741E6B78E1294D45B8AFB2AF /* CIBFontSans-Bold.otf */; };
		41286997C320419EA9F655A3 /* CIBFontNumerales-Color.otf in Resources */ = {isa = PBXBuildFile; fileRef = 9D1FF39782FD49F7A9DFBFF2 /* CIBFontNumerales-Color.otf */; };
		81AB9BB82411601600AC10FF /* LaunchScreen.storyboard in Resources */ = {isa = PBXBuildFile; fileRef = 81AB9BB72411601600AC10FF /* LaunchScreen.storyboard */; };
		A14C3896149842118469D212 /* CIBFontSans-Book.otf in Resources */ = {isa = PBXBuildFile; fileRef = 0318DAB43770418382520827 /* CIBFontSans-Book.otf */; };
		A5D950C62A7C63B200CB88ED /* Dynamic.swift in Sources */ = {isa = PBXBuildFile; fileRef = A5D950C52A7C63B200CB88ED /* Dynamic.swift */; };
		A5D950C92A7C682100CB88ED /* space-runner.json in Resources */ = {isa = PBXBuildFile; fileRef = A5D950C82A7C682100CB88ED /* space-runner.json */; };
		A5D950CB2A7C6D7A00CB88ED /* SplashScreen.json in Resources */ = {isa = PBXBuildFile; fileRef = A5D950CA2A7C6D7A00CB88ED /* SplashScreen.json */; };
		A5D950CD2A7C6FEA00CB88ED /* Bancolombia_S.A._logo.png in Resources */ = {isa = PBXBuildFile; fileRef = A5D950CC2A7C6FEA00CB88ED /* Bancolombia_S.A._logo.png */; };
		A5EF6A7528CAA66700791961 /* Octicons.ttf in Resources */ = {isa = PBXBuildFile; fileRef = A5EF6A6528CAA66700791961 /* Octicons.ttf */; };
		A5EF6A7628CAA66700791961 /* FontAwesome.ttf in Resources */ = {isa = PBXBuildFile; fileRef = A5EF6A6628CAA66700791961 /* FontAwesome.ttf */; };
		A5EF6A7728CAA66700791961 /* FontAwesome5_Solid.ttf in Resources */ = {isa = PBXBuildFile; fileRef = A5EF6A6728CAA66700791961 /* FontAwesome5_Solid.ttf */; };
		A5EF6A7828CAA66700791961 /* MaterialIcons.ttf in Resources */ = {isa = PBXBuildFile; fileRef = A5EF6A6828CAA66700791961 /* MaterialIcons.ttf */; };
		A5EF6A7928CAA66700791961 /* SimpleLineIcons.ttf in Resources */ = {isa = PBXBuildFile; fileRef = A5EF6A6928CAA66700791961 /* SimpleLineIcons.ttf */; };
		A5EF6A7A28CAA66700791961 /* Feather.ttf in Resources */ = {isa = PBXBuildFile; fileRef = A5EF6A6A28CAA66700791961 /* Feather.ttf */; };
		A5EF6A7B28CAA66700791961 /* FontAwesome5_Brands.ttf in Resources */ = {isa = PBXBuildFile; fileRef = A5EF6A6B28CAA66700791961 /* FontAwesome5_Brands.ttf */; };
		A5EF6A7C28CAA66700791961 /* Entypo.ttf in Resources */ = {isa = PBXBuildFile; fileRef = A5EF6A6C28CAA66700791961 /* Entypo.ttf */; };
		A5EF6A7D28CAA66700791961 /* AntDesign.ttf in Resources */ = {isa = PBXBuildFile; fileRef = A5EF6A6D28CAA66700791961 /* AntDesign.ttf */; };
		A5EF6A7E28CAA66700791961 /* FontAwesome5_Regular.ttf in Resources */ = {isa = PBXBuildFile; fileRef = A5EF6A6E28CAA66700791961 /* FontAwesome5_Regular.ttf */; };
		A5EF6A7F28CAA66700791961 /* Ionicons.ttf in Resources */ = {isa = PBXBuildFile; fileRef = A5EF6A6F28CAA66700791961 /* Ionicons.ttf */; };
		A5EF6A8028CAA66700791961 /* Zocial.ttf in Resources */ = {isa = PBXBuildFile; fileRef = A5EF6A7028CAA66700791961 /* Zocial.ttf */; };
		A5EF6A8128CAA66700791961 /* Foundation.ttf in Resources */ = {isa = PBXBuildFile; fileRef = A5EF6A7128CAA66700791961 /* Foundation.ttf */; };
		A5EF6A8228CAA66700791961 /* Fontisto.ttf in Resources */ = {isa = PBXBuildFile; fileRef = A5EF6A7228CAA66700791961 /* Fontisto.ttf */; };
		A5EF6A8328CAA66700791961 /* EvilIcons.ttf in Resources */ = {isa = PBXBuildFile; fileRef = A5EF6A7328CAA66700791961 /* EvilIcons.ttf */; };
		A5EF6A8428CAA66700791961 /* MaterialCommunityIcons.ttf in Resources */ = {isa = PBXBuildFile; fileRef = A5EF6A7428CAA66700791961 /* MaterialCommunityIcons.ttf */; };
		A7587AFC51A34CF2B1FDFC30 /* CIBFontSans-Light.ttf in Resources */ = {isa = PBXBuildFile; fileRef = 360093A7BB0B400D8595F8D7 /* CIBFontSans-Light.ttf */; };
		C7DACD3D98FF3AE4C877448B /* libPods-bancolombia0823.a in Frameworks */ = {isa = PBXBuildFile; fileRef = A35049B241D9352D26F53212 /* libPods-bancolombia0823.a */; };
		E6DA67BFD9FA46CA906EF276 /* SF-Pro-Italic.ttf in Resources */ = {isa = PBXBuildFile; fileRef = EB82FC70EADD41F1A5B4807D /* SF-Pro-Italic.ttf */; };
		EFA9E4612CEB410F8E4A8291 /* selection.json in Resources */ = {isa = PBXBuildFile; fileRef = 4E3423D7DFF742F886F92103 /* selection.json */; };
		F5B1950B0A1040EF8917CB82 /* mastericons.ttf in Resources */ = {isa = PBXBuildFile; fileRef = 05417D2CF407429EBC5DE72C /* mastericons.ttf */; };
		FB63D162B32AAD0A7E23ACFA /* libPods-bancolombia0823-bancolombia0823Tests.a in Frameworks */ = {isa = PBXBuildFile; fileRef = CBA79391ED6E3EABADCB2E5A /* libPods-bancolombia0823-bancolombia0823Tests.a */; };
/* End PBXBuildFile section */

/* Begin PBXContainerItemProxy section */
		00E356F41AD99517003FC87E /* PBXContainerItemProxy */ = {
			isa = PBXContainerItemProxy;
			containerPortal = 83CBB9F71A601CBA00E9B192 /* Project object */;
			proxyType = 1;
			remoteGlobalIDString = 13B07F861A680F5B00A75B9A;
			remoteInfo = bancolombia0823;
		};
/* End PBXContainerItemProxy section */

/* Begin PBXFileReference section */
		00E356EE1AD99517003FC87E /* bancolombia0823Tests.xctest */ = {isa = PBXFileReference; explicitFileType = wrapper.cfbundle; includeInIndex = 0; path = bancolombia0823Tests.xctest; sourceTree = BUILT_PRODUCTS_DIR; };
		00E356F11AD99517003FC87E /* Info.plist */ = {isa = PBXFileReference; lastKnownFileType = text.plist.xml; path = Info.plist; sourceTree = "<group>"; };
		00E356F21AD99517003FC87E /* bancolombia0823Tests.m */ = {isa = PBXFileReference; lastKnownFileType = sourcecode.c.objc; path = bancolombia0823Tests.m; sourceTree = "<group>"; };
		0318DAB43770418382520827 /* CIBFontSans-Book.otf */ = {isa = PBXFileReference; explicitFileType = undefined; fileEncoding = 9; includeInIndex = 0; lastKnownFileType = unknown; name = "CIBFontSans-Book.otf"; path = "../src/assets/fonts/CIBFontSans-Book.otf"; sourceTree = "<group>"; };
		05417D2CF407429EBC5DE72C /* mastericons.ttf */ = {isa = PBXFileReference; explicitFileType = undefined; fileEncoding = 9; includeInIndex = 0; lastKnownFileType = unknown; name = mastericons.ttf; path = ../src/assets/fonts/mastericons.ttf; sourceTree = "<group>"; };
		13B07F961A680F5B00A75B9A /* bancolombia0823.app */ = {isa = PBXFileReference; explicitFileType = wrapper.application; includeInIndex = 0; path = bancolombia0823.app; sourceTree = BUILT_PRODUCTS_DIR; };
		13B07FAF1A68108700A75B9A /* AppDelegate.h */ = {isa = PBXFileReference; fileEncoding = 4; lastKnownFileType = sourcecode.c.h; name = AppDelegate.h; path = bancolombia0823/AppDelegate.h; sourceTree = "<group>"; };
		13B07FB01A68108700A75B9A /* AppDelegate.mm */ = {isa = PBXFileReference; fileEncoding = 4; lastKnownFileType = sourcecode.cpp.objcpp; name = AppDelegate.mm; path = bancolombia0823/AppDelegate.mm; sourceTree = "<group>"; };
		13B07FB51A68108700A75B9A /* Images.xcassets */ = {isa = PBXFileReference; lastKnownFileType = folder.assetcatalog; name = Images.xcassets; path = bancolombia0823/Images.xcassets; sourceTree = "<group>"; };
		13B07FB61A68108700A75B9A /* Info.plist */ = {isa = PBXFileReference; fileEncoding = 4; lastKnownFileType = text.plist.xml; name = Info.plist; path = bancolombia0823/Info.plist; sourceTree = "<group>"; };
		13B07FB71A68108700A75B9A /* main.m */ = {isa = PBXFileReference; fileEncoding = 4; lastKnownFileType = sourcecode.c.objc; name = main.m; path = bancolombia0823/main.m; sourceTree = "<group>"; };
		21ADBB13C6BB2A0F58C8718D /* Pods-bancolombia0823-bancolombia0823Tests.debug.xcconfig */ = {isa = PBXFileReference; includeInIndex = 1; lastKnownFileType = text.xcconfig; name = "Pods-bancolombia0823-bancolombia0823Tests.debug.xcconfig"; path = "Target Support Files/Pods-bancolombia0823-bancolombia0823Tests/Pods-bancolombia0823-bancolombia0823Tests.debug.xcconfig"; sourceTree = "<group>"; };
		27C273376F02247725221A91 /* Pods-bancolombia0823.debug.xcconfig */ = {isa = PBXFileReference; includeInIndex = 1; lastKnownFileType = text.xcconfig; name = "Pods-bancolombia0823.debug.xcconfig"; path = "Target Support Files/Pods-bancolombia0823/Pods-bancolombia0823.debug.xcconfig"; sourceTree = "<group>"; };
		360093A7BB0B400D8595F8D7 /* CIBFontSans-Light.ttf */ = {isa = PBXFileReference; explicitFileType = undefined; fileEncoding = 9; includeInIndex = 0; lastKnownFileType = unknown; name = "CIBFontSans-Light.ttf"; path = "../src/assets/fonts/CIBFontSans-Light.ttf"; sourceTree = "<group>"; };
		4E3423D7DFF742F886F92103 /* selection.json */ = {isa = PBXFileReference; explicitFileType = undefined; fileEncoding = 9; includeInIndex = 0; lastKnownFileType = unknown; name = selection.json; path = ../src/assets/fonts/selection.json; sourceTree = "<group>"; };
		741E6B78E1294D45B8AFB2AF /* CIBFontSans-Bold.otf */ = {isa = PBXFileReference; explicitFileType = undefined; fileEncoding = 9; includeInIndex = 0; lastKnownFileType = unknown; name = "CIBFontSans-Bold.otf"; path = "../src/assets/fonts/CIBFontSans-Bold.otf"; sourceTree = "<group>"; };
		7E2615C2C6C7895556928048 /* Pods-bancolombia0823-bancolombia0823Tests.release.xcconfig */ = {isa = PBXFileReference; includeInIndex = 1; lastKnownFileType = text.xcconfig; name = "Pods-bancolombia0823-bancolombia0823Tests.release.xcconfig"; path = "Target Support Files/Pods-bancolombia0823-bancolombia0823Tests/Pods-bancolombia0823-bancolombia0823Tests.release.xcconfig"; sourceTree = "<group>"; };
		81AB9BB72411601600AC10FF /* LaunchScreen.storyboard */ = {isa = PBXFileReference; fileEncoding = 4; lastKnownFileType = file.storyboard; name = LaunchScreen.storyboard; path = bancolombia0823/LaunchScreen.storyboard; sourceTree = "<group>"; };
		8E66920DEC664F93B7E980D2 /* CIBFontSans-Thin.otf */ = {isa = PBXFileReference; explicitFileType = undefined; fileEncoding = 9; includeInIndex = 0; lastKnownFileType = unknown; name = "CIBFontSans-Thin.otf"; path = "../src/assets/fonts/CIBFontSans-Thin.otf"; sourceTree = "<group>"; };
		9D1FF39782FD49F7A9DFBFF2 /* CIBFontNumerales-Color.otf */ = {isa = PBXFileReference; explicitFileType = undefined; fileEncoding = 9; includeInIndex = 0; lastKnownFileType = unknown; name = "CIBFontNumerales-Color.otf"; path = "../src/assets/fonts/CIBFontNumerales-Color.otf"; sourceTree = "<group>"; };
		A12CFB36C6B7C3EAAA919C62 /* Pods-bancolombia0823.release.xcconfig */ = {isa = PBXFileReference; includeInIndex = 1; lastKnownFileType = text.xcconfig; name = "Pods-bancolombia0823.release.xcconfig"; path = "Target Support Files/Pods-bancolombia0823/Pods-bancolombia0823.release.xcconfig"; sourceTree = "<group>"; };
		A35049B241D9352D26F53212 /* libPods-bancolombia0823.a */ = {isa = PBXFileReference; explicitFileType = archive.ar; includeInIndex = 0; path = "libPods-bancolombia0823.a"; sourceTree = BUILT_PRODUCTS_DIR; };
		A5D950C52A7C63B200CB88ED /* Dynamic.swift */ = {isa = PBXFileReference; lastKnownFileType = sourcecode.swift; path = Dynamic.swift; sourceTree = "<group>"; };
		A5D950C72A7C643F00CB88ED /* bancolombia0823-Bridging-Header.h */ = {isa = PBXFileReference; lastKnownFileType = sourcecode.c.h; path = "bancolombia0823-Bridging-Header.h"; sourceTree = "<group>"; };
		A5D950C82A7C682100CB88ED /* space-runner.json */ = {isa = PBXFileReference; fileEncoding = 4; lastKnownFileType = text.json; name = "space-runner.json"; path = "../src/assets/images/space-runner.json"; sourceTree = "<group>"; };
		A5D950CA2A7C6D7A00CB88ED /* SplashScreen.json */ = {isa = PBXFileReference; fileEncoding = 4; lastKnownFileType = text.json; path = SplashScreen.json; sourceTree = "<group>"; };
		A5D950CC2A7C6FEA00CB88ED /* Bancolombia_S.A._logo.png */ = {isa = PBXFileReference; lastKnownFileType = image.png; path = Bancolombia_S.A._logo.png; sourceTree = "<group>"; };
		A5EF6A6528CAA66700791961 /* Octicons.ttf */ = {isa = PBXFileReference; lastKnownFileType = file; name = Octicons.ttf; path = "../node_modules/react-native-vector-icons/Fonts/Octicons.ttf"; sourceTree = "<group>"; };
		A5EF6A6628CAA66700791961 /* FontAwesome.ttf */ = {isa = PBXFileReference; lastKnownFileType = file; name = FontAwesome.ttf; path = "../node_modules/react-native-vector-icons/Fonts/FontAwesome.ttf"; sourceTree = "<group>"; };
		A5EF6A6728CAA66700791961 /* FontAwesome5_Solid.ttf */ = {isa = PBXFileReference; lastKnownFileType = file; name = FontAwesome5_Solid.ttf; path = "../node_modules/react-native-vector-icons/Fonts/FontAwesome5_Solid.ttf"; sourceTree = "<group>"; };
		A5EF6A6828CAA66700791961 /* MaterialIcons.ttf */ = {isa = PBXFileReference; lastKnownFileType = file; name = MaterialIcons.ttf; path = "../node_modules/react-native-vector-icons/Fonts/MaterialIcons.ttf"; sourceTree = "<group>"; };
		A5EF6A6928CAA66700791961 /* SimpleLineIcons.ttf */ = {isa = PBXFileReference; lastKnownFileType = file; name = SimpleLineIcons.ttf; path = "../node_modules/react-native-vector-icons/Fonts/SimpleLineIcons.ttf"; sourceTree = "<group>"; };
		A5EF6A6A28CAA66700791961 /* Feather.ttf */ = {isa = PBXFileReference; lastKnownFileType = file; name = Feather.ttf; path = "../node_modules/react-native-vector-icons/Fonts/Feather.ttf"; sourceTree = "<group>"; };
		A5EF6A6B28CAA66700791961 /* FontAwesome5_Brands.ttf */ = {isa = PBXFileReference; lastKnownFileType = file; name = FontAwesome5_Brands.ttf; path = "../node_modules/react-native-vector-icons/Fonts/FontAwesome5_Brands.ttf"; sourceTree = "<group>"; };
		A5EF6A6C28CAA66700791961 /* Entypo.ttf */ = {isa = PBXFileReference; lastKnownFileType = file; name = Entypo.ttf; path = "../node_modules/react-native-vector-icons/Fonts/Entypo.ttf"; sourceTree = "<group>"; };
		A5EF6A6D28CAA66700791961 /* AntDesign.ttf */ = {isa = PBXFileReference; lastKnownFileType = file; name = AntDesign.ttf; path = "../node_modules/react-native-vector-icons/Fonts/AntDesign.ttf"; sourceTree = "<group>"; };
		A5EF6A6E28CAA66700791961 /* FontAwesome5_Regular.ttf */ = {isa = PBXFileReference; lastKnownFileType = file; name = FontAwesome5_Regular.ttf; path = "../node_modules/react-native-vector-icons/Fonts/FontAwesome5_Regular.ttf"; sourceTree = "<group>"; };
		A5EF6A6F28CAA66700791961 /* Ionicons.ttf */ = {isa = PBXFileReference; lastKnownFileType = file; name = Ionicons.ttf; path = "../node_modules/react-native-vector-icons/Fonts/Ionicons.ttf"; sourceTree = "<group>"; };
		A5EF6A7028CAA66700791961 /* Zocial.ttf */ = {isa = PBXFileReference; lastKnownFileType = file; name = Zocial.ttf; path = "../node_modules/react-native-vector-icons/Fonts/Zocial.ttf"; sourceTree = "<group>"; };
		A5EF6A7128CAA66700791961 /* Foundation.ttf */ = {isa = PBXFileReference; lastKnownFileType = file; name = Foundation.ttf; path = "../node_modules/react-native-vector-icons/Fonts/Foundation.ttf"; sourceTree = "<group>"; };
		A5EF6A7228CAA66700791961 /* Fontisto.ttf */ = {isa = PBXFileReference; lastKnownFileType = file; name = Fontisto.ttf; path = "../node_modules/react-native-vector-icons/Fonts/Fontisto.ttf"; sourceTree = "<group>"; };
		A5EF6A7328CAA66700791961 /* EvilIcons.ttf */ = {isa = PBXFileReference; lastKnownFileType = file; name = EvilIcons.ttf; path = "../node_modules/react-native-vector-icons/Fonts/EvilIcons.ttf"; sourceTree = "<group>"; };
		A5EF6A7428CAA66700791961 /* MaterialCommunityIcons.ttf */ = {isa = PBXFileReference; lastKnownFileType = file; name = MaterialCommunityIcons.ttf; path = "../node_modules/react-native-vector-icons/Fonts/MaterialCommunityIcons.ttf"; sourceTree = "<group>"; };
		A5EF6A8528CBCDC800791961 /* bancolombia0823.entitlements */ = {isa = PBXFileReference; lastKnownFileType = text.plist.entitlements; name = bancolombia0823.entitlements; path = bancolombia0823/bancolombia0823.entitlements; sourceTree = "<group>"; };
		A97C1ABCAA4D45A8B972FA2B /* SF-Pro.ttf */ = {isa = PBXFileReference; explicitFileType = undefined; fileEncoding = 9; includeInIndex = 0; lastKnownFileType = unknown; name = "SF-Pro.ttf"; path = "../src/assets/fonts/SF-Pro.ttf"; sourceTree = "<group>"; };
		CBA79391ED6E3EABADCB2E5A /* libPods-bancolombia0823-bancolombia0823Tests.a */ = {isa = PBXFileReference; explicitFileType = archive.ar; includeInIndex = 0; path = "libPods-bancolombia0823-bancolombia0823Tests.a"; sourceTree = BUILT_PRODUCTS_DIR; };
		E6CB2D71B4B3450A83F2C056 /* CIBFontSans-Regular.otf */ = {isa = PBXFileReference; explicitFileType = undefined; fileEncoding = 9; includeInIndex = 0; lastKnownFileType = unknown; name = "CIBFontSans-Regular.otf"; path = "../src/assets/fonts/CIBFontSans-Regular.otf"; sourceTree = "<group>"; };
		EB82FC70EADD41F1A5B4807D /* SF-Pro-Italic.ttf */ = {isa = PBXFileReference; explicitFileType = undefined; fileEncoding = 9; includeInIndex = 0; lastKnownFileType = unknown; name = "SF-Pro-Italic.ttf"; path = "../src/assets/fonts/SF-Pro-Italic.ttf"; sourceTree = "<group>"; };
		ED297162215061F000B7C4FE /* JavaScriptCore.framework */ = {isa = PBXFileReference; lastKnownFileType = wrapper.framework; name = JavaScriptCore.framework; path = System/Library/Frameworks/JavaScriptCore.framework; sourceTree = SDKROOT; };
/* End PBXFileReference section */

/* Begin PBXFrameworksBuildPhase section */
		00E356EB1AD99517003FC87E /* Frameworks */ = {
			isa = PBXFrameworksBuildPhase;
			buildActionMask = 2147483647;
			files = (
				FB63D162B32AAD0A7E23ACFA /* libPods-bancolombia0823-bancolombia0823Tests.a in Frameworks */,
			);
			runOnlyForDeploymentPostprocessing = 0;
		};
		13B07F8C1A680F5B00A75B9A /* Frameworks */ = {
			isa = PBXFrameworksBuildPhase;
			buildActionMask = 2147483647;
			files = (
				C7DACD3D98FF3AE4C877448B /* libPods-bancolombia0823.a in Frameworks */,
			);
			runOnlyForDeploymentPostprocessing = 0;
		};
/* End PBXFrameworksBuildPhase section */

/* Begin PBXGroup section */
		00E356EF1AD99517003FC87E /* bancolombia0823Tests */ = {
			isa = PBXGroup;
			children = (
				00E356F21AD99517003FC87E /* bancolombia0823Tests.m */,
				00E356F01AD99517003FC87E /* Supporting Files */,
			);
			path = bancolombia0823Tests;
			sourceTree = "<group>";
		};
		00E356F01AD99517003FC87E /* Supporting Files */ = {
			isa = PBXGroup;
			children = (
				00E356F11AD99517003FC87E /* Info.plist */,
			);
			name = "Supporting Files";
			sourceTree = "<group>";
		};
		0ACDF0CCF7E74F039C342BD9 /* Resources */ = {
			isa = PBXGroup;
			children = (
				A5D950CC2A7C6FEA00CB88ED /* Bancolombia_S.A._logo.png */,
				A5D950CA2A7C6D7A00CB88ED /* SplashScreen.json */,
				A5D950C82A7C682100CB88ED /* space-runner.json */,
				A5EF6A6D28CAA66700791961 /* AntDesign.ttf */,
				A5EF6A6C28CAA66700791961 /* Entypo.ttf */,
				A5EF6A7328CAA66700791961 /* EvilIcons.ttf */,
				A5EF6A6A28CAA66700791961 /* Feather.ttf */,
				A5EF6A6628CAA66700791961 /* FontAwesome.ttf */,
				A5EF6A6B28CAA66700791961 /* FontAwesome5_Brands.ttf */,
				A5EF6A6E28CAA66700791961 /* FontAwesome5_Regular.ttf */,
				A5EF6A6728CAA66700791961 /* FontAwesome5_Solid.ttf */,
				A5EF6A7228CAA66700791961 /* Fontisto.ttf */,
				A5EF6A7128CAA66700791961 /* Foundation.ttf */,
				A5EF6A6F28CAA66700791961 /* Ionicons.ttf */,
				A5EF6A7428CAA66700791961 /* MaterialCommunityIcons.ttf */,
				A5EF6A6828CAA66700791961 /* MaterialIcons.ttf */,
				A5EF6A6528CAA66700791961 /* Octicons.ttf */,
				A5EF6A6928CAA66700791961 /* SimpleLineIcons.ttf */,
				A5EF6A7028CAA66700791961 /* Zocial.ttf */,
				EB82FC70EADD41F1A5B4807D /* SF-Pro-Italic.ttf */,
				A97C1ABCAA4D45A8B972FA2B /* SF-Pro.ttf */,
				05417D2CF407429EBC5DE72C /* mastericons.ttf */,
				9D1FF39782FD49F7A9DFBFF2 /* CIBFontNumerales-Color.otf */,
				0318DAB43770418382520827 /* CIBFontSans-Book.otf */,
				E6CB2D71B4B3450A83F2C056 /* CIBFontSans-Regular.otf */,
				8E66920DEC664F93B7E980D2 /* CIBFontSans-Thin.otf */,
				360093A7BB0B400D8595F8D7 /* CIBFontSans-Light.ttf */,
				4E3423D7DFF742F886F92103 /* selection.json */,
				741E6B78E1294D45B8AFB2AF /* CIBFontSans-Bold.otf */,
			);
			name = Resources;
			sourceTree = "<group>";
		};
		13B07FAE1A68108700A75B9A /* bancolombia0823 */ = {
			isa = PBXGroup;
			children = (
				A5EF6A8528CBCDC800791961 /* bancolombia0823.entitlements */,
				13B07FAF1A68108700A75B9A /* AppDelegate.h */,
				13B07FB01A68108700A75B9A /* AppDelegate.mm */,
				13B07FB51A68108700A75B9A /* Images.xcassets */,
				13B07FB61A68108700A75B9A /* Info.plist */,
				81AB9BB72411601600AC10FF /* LaunchScreen.storyboard */,
				13B07FB71A68108700A75B9A /* main.m */,
				A5D950C52A7C63B200CB88ED /* Dynamic.swift */,
				A5D950C72A7C643F00CB88ED /* bancolombia0823-Bridging-Header.h */,
			);
			name = bancolombia0823;
			sourceTree = "<group>";
		};
		2D16E6871FA4F8E400B85C8A /* Frameworks */ = {
			isa = PBXGroup;
			children = (
				ED297162215061F000B7C4FE /* JavaScriptCore.framework */,
				A35049B241D9352D26F53212 /* libPods-bancolombia0823.a */,
				CBA79391ED6E3EABADCB2E5A /* libPods-bancolombia0823-bancolombia0823Tests.a */,
			);
			name = Frameworks;
			sourceTree = "<group>";
		};
		832341AE1AAA6A7D00B99B32 /* Libraries */ = {
			isa = PBXGroup;
			children = (
			);
			name = Libraries;
			sourceTree = "<group>";
		};
		83CBB9F61A601CBA00E9B192 = {
			isa = PBXGroup;
			children = (
				13B07FAE1A68108700A75B9A /* bancolombia0823 */,
				832341AE1AAA6A7D00B99B32 /* Libraries */,
				00E356EF1AD99517003FC87E /* bancolombia0823Tests */,
				83CBBA001A601CBA00E9B192 /* Products */,
				2D16E6871FA4F8E400B85C8A /* Frameworks */,
				BBD78D7AC51CEA395F1C20DB /* Pods */,
				0ACDF0CCF7E74F039C342BD9 /* Resources */,
			);
			indentWidth = 2;
			sourceTree = "<group>";
			tabWidth = 2;
			usesTabs = 0;
		};
		83CBBA001A601CBA00E9B192 /* Products */ = {
			isa = PBXGroup;
			children = (
				13B07F961A680F5B00A75B9A /* bancolombia0823.app */,
				00E356EE1AD99517003FC87E /* bancolombia0823Tests.xctest */,
			);
			name = Products;
			sourceTree = "<group>";
		};
		BBD78D7AC51CEA395F1C20DB /* Pods */ = {
			isa = PBXGroup;
			children = (
				27C273376F02247725221A91 /* Pods-bancolombia0823.debug.xcconfig */,
				A12CFB36C6B7C3EAAA919C62 /* Pods-bancolombia0823.release.xcconfig */,
				21ADBB13C6BB2A0F58C8718D /* Pods-bancolombia0823-bancolombia0823Tests.debug.xcconfig */,
				7E2615C2C6C7895556928048 /* Pods-bancolombia0823-bancolombia0823Tests.release.xcconfig */,
			);
			path = Pods;
			sourceTree = "<group>";
		};
/* End PBXGroup section */

/* Begin PBXNativeTarget section */
		00E356ED1AD99517003FC87E /* bancolombia0823Tests */ = {
			isa = PBXNativeTarget;
			buildConfigurationList = 00E357021AD99517003FC87E /* Build configuration list for PBXNativeTarget "bancolombia0823Tests" */;
			buildPhases = (
				055991399DE8BBF9C01FF51B /* [CP] Check Pods Manifest.lock */,
				00E356EA1AD99517003FC87E /* Sources */,
				00E356EB1AD99517003FC87E /* Frameworks */,
				00E356EC1AD99517003FC87E /* Resources */,
				AD4010C7B4AF93AAC489A821 /* [CP] Embed Pods Frameworks */,
				30C242BF71160F0FC8CD13B4 /* [CP] Copy Pods Resources */,
			);
			buildRules = (
			);
			dependencies = (
				00E356F51AD99517003FC87E /* PBXTargetDependency */,
			);
			name = bancolombia0823Tests;
			productName = bancolombia0823Tests;
			productReference = 00E356EE1AD99517003FC87E /* bancolombia0823Tests.xctest */;
			productType = "com.apple.product-type.bundle.unit-test";
		};
		13B07F861A680F5B00A75B9A /* bancolombia0823 */ = {
			isa = PBXNativeTarget;
			buildConfigurationList = 13B07F931A680F5B00A75B9A /* Build configuration list for PBXNativeTarget "bancolombia0823" */;
			buildPhases = (
				59CE9ACA596E875225B0236B /* [CP] Check Pods Manifest.lock */,
				FD10A7F022414F080027D42C /* Start Packager */,
				13B07F871A680F5B00A75B9A /* Sources */,
				13B07F8C1A680F5B00A75B9A /* Frameworks */,
				13B07F8E1A680F5B00A75B9A /* Resources */,
				00DD1BFF1BD5951E006B06BC /* Bundle React Native code and images */,
				EDFD361E9F4C9E5B50C6BC70 /* [CP] Embed Pods Frameworks */,
				F0171AD1EC50F64CFDD77AB7 /* [CP] Copy Pods Resources */,
			);
			buildRules = (
			);
			dependencies = (
			);
			name = bancolombia0823;
			productName = bancolombia0823;
			productReference = 13B07F961A680F5B00A75B9A /* bancolombia0823.app */;
			productType = "com.apple.product-type.application";
		};
/* End PBXNativeTarget section */

/* Begin PBXProject section */
		83CBB9F71A601CBA00E9B192 /* Project object */ = {
			isa = PBXProject;
			attributes = {
				LastUpgradeCheck = 1210;
				TargetAttributes = {
					00E356ED1AD99517003FC87E = {
						CreatedOnToolsVersion = 6.2;
						TestTargetID = 13B07F861A680F5B00A75B9A;
					};
					13B07F861A680F5B00A75B9A = {
						LastSwiftMigration = 1340;
					};
				};
			};
			buildConfigurationList = 83CBB9FA1A601CBA00E9B192 /* Build configuration list for PBXProject "bancolombia0823" */;
			compatibilityVersion = "Xcode 12.0";
			developmentRegion = en;
			hasScannedForEncodings = 0;
			knownRegions = (
				en,
				Base,
			);
			mainGroup = 83CBB9F61A601CBA00E9B192;
			productRefGroup = 83CBBA001A601CBA00E9B192 /* Products */;
			projectDirPath = "";
			projectRoot = "";
			targets = (
				13B07F861A680F5B00A75B9A /* bancolombia0823 */,
				00E356ED1AD99517003FC87E /* bancolombia0823Tests */,
			);
		};
/* End PBXProject section */

/* Begin PBXResourcesBuildPhase section */
		00E356EC1AD99517003FC87E /* Resources */ = {
			isa = PBXResourcesBuildPhase;
			buildActionMask = 2147483647;
			files = (
			);
			runOnlyForDeploymentPostprocessing = 0;
		};
		13B07F8E1A680F5B00A75B9A /* Resources */ = {
			isa = PBXResourcesBuildPhase;
			buildActionMask = 2147483647;
			files = (
				A5D950CD2A7C6FEA00CB88ED /* Bancolombia_S.A._logo.png in Resources */,
				A5D950CB2A7C6D7A00CB88ED /* SplashScreen.json in Resources */,
				A5EF6A8228CAA66700791961 /* Fontisto.ttf in Resources */,
				A5EF6A7E28CAA66700791961 /* FontAwesome5_Regular.ttf in Resources */,
				A5EF6A7D28CAA66700791961 /* AntDesign.ttf in Resources */,
				A5EF6A7828CAA66700791961 /* MaterialIcons.ttf in Resources */,
				A5EF6A7C28CAA66700791961 /* Entypo.ttf in Resources */,
				A5EF6A8328CAA66700791961 /* EvilIcons.ttf in Resources */,
				A5EF6A8428CAA66700791961 /* MaterialCommunityIcons.ttf in Resources */,
				A5EF6A7728CAA66700791961 /* FontAwesome5_Solid.ttf in Resources */,
				A5EF6A7F28CAA66700791961 /* Ionicons.ttf in Resources */,
				A5EF6A7A28CAA66700791961 /* Feather.ttf in Resources */,
				A5EF6A7528CAA66700791961 /* Octicons.ttf in Resources */,
				A5EF6A8028CAA66700791961 /* Zocial.ttf in Resources */,
				81AB9BB82411601600AC10FF /* LaunchScreen.storyboard in Resources */,
				A5EF6A7B28CAA66700791961 /* FontAwesome5_Brands.ttf in Resources */,
				13B07FBF1A68108700A75B9A /* Images.xcassets in Resources */,
				A5EF6A7928CAA66700791961 /* SimpleLineIcons.ttf in Resources */,
				E6DA67BFD9FA46CA906EF276 /* SF-Pro-Italic.ttf in Resources */,
				A5EF6A8128CAA66700791961 /* Foundation.ttf in Resources */,
				2EDAC18FE7B64F35AAC65CDA /* SF-Pro.ttf in Resources */,
				A5EF6A7628CAA66700791961 /* FontAwesome.ttf in Resources */,
				F5B1950B0A1040EF8917CB82 /* mastericons.ttf in Resources */,
				A5D950C92A7C682100CB88ED /* space-runner.json in Resources */,
				41286997C320419EA9F655A3 /* CIBFontNumerales-Color.otf in Resources */,
				A14C3896149842118469D212 /* CIBFontSans-Book.otf in Resources */,
				282869ED45CA44D29B1810D7 /* CIBFontSans-Regular.otf in Resources */,
				0AA3E751AB4B478AA382AA0D /* CIBFontSans-Thin.otf in Resources */,
				A7587AFC51A34CF2B1FDFC30 /* CIBFontSans-Light.ttf in Resources */,
				EFA9E4612CEB410F8E4A8291 /* selection.json in Resources */,
				36759670149E4534996F7C1C /* CIBFontSans-Bold.otf in Resources */,
			);
			runOnlyForDeploymentPostprocessing = 0;
		};
/* End PBXResourcesBuildPhase section */

/* Begin PBXShellScriptBuildPhase section */
		00DD1BFF1BD5951E006B06BC /* Bundle React Native code and images */ = {
			isa = PBXShellScriptBuildPhase;
			buildActionMask = 2147483647;
			files = (
			);
			inputPaths = (
				"$(SRCROOT)/.xcode.env.local",
				"$(SRCROOT)/.xcode.env",
			);
			name = "Bundle React Native code and images";
			outputPaths = (
			);
			runOnlyForDeploymentPostprocessing = 0;
			shellPath = /bin/sh;
			shellScript = "set -e\n\nWITH_ENVIRONMENT=\"../node_modules/react-native/scripts/xcode/with-environment.sh\"\nREACT_NATIVE_XCODE=\"../node_modules/react-native/scripts/react-native-xcode.sh\"\n\n/bin/sh -c \"$WITH_ENVIRONMENT $REACT_NATIVE_XCODE\"\n";
		};
		055991399DE8BBF9C01FF51B /* [CP] Check Pods Manifest.lock */ = {
			isa = PBXShellScriptBuildPhase;
			buildActionMask = 2147483647;
			files = (
			);
			inputFileListPaths = (
			);
			inputPaths = (
				"${PODS_PODFILE_DIR_PATH}/Podfile.lock",
				"${PODS_ROOT}/Manifest.lock",
			);
			name = "[CP] Check Pods Manifest.lock";
			outputFileListPaths = (
			);
			outputPaths = (
				"$(DERIVED_FILE_DIR)/Pods-bancolombia0823-bancolombia0823Tests-checkManifestLockResult.txt",
			);
			runOnlyForDeploymentPostprocessing = 0;
			shellPath = /bin/sh;
			shellScript = "diff \"${PODS_PODFILE_DIR_PATH}/Podfile.lock\" \"${PODS_ROOT}/Manifest.lock\" > /dev/null\nif [ $? != 0 ] ; then\n    # print error to STDERR\n    echo \"error: The sandbox is not in sync with the Podfile.lock. Run 'pod install' or update your CocoaPods installation.\" >&2\n    exit 1\nfi\n# This output is used by Xcode 'outputs' to avoid re-running this script phase.\necho \"SUCCESS\" > \"${SCRIPT_OUTPUT_FILE_0}\"\n";
			showEnvVarsInLog = 0;
		};
		30C242BF71160F0FC8CD13B4 /* [CP] Copy Pods Resources */ = {
			isa = PBXShellScriptBuildPhase;
			buildActionMask = 2147483647;
			files = (
			);
			inputFileListPaths = (
				"${PODS_ROOT}/Target Support Files/Pods-bancolombia0823-bancolombia0823Tests/Pods-bancolombia0823-bancolombia0823Tests-resources-${CONFIGURATION}-input-files.xcfilelist",
			);
			name = "[CP] Copy Pods Resources";
			outputFileListPaths = (
				"${PODS_ROOT}/Target Support Files/Pods-bancolombia0823-bancolombia0823Tests/Pods-bancolombia0823-bancolombia0823Tests-resources-${CONFIGURATION}-output-files.xcfilelist",
			);
			runOnlyForDeploymentPostprocessing = 0;
			shellPath = /bin/sh;
			shellScript = "\"${PODS_ROOT}/Target Support Files/Pods-bancolombia0823-bancolombia0823Tests/Pods-bancolombia0823-bancolombia0823Tests-resources.sh\"\n";
			showEnvVarsInLog = 0;
		};
		59CE9ACA596E875225B0236B /* [CP] Check Pods Manifest.lock */ = {
			isa = PBXShellScriptBuildPhase;
			buildActionMask = 2147483647;
			files = (
			);
			inputFileListPaths = (
			);
			inputPaths = (
				"${PODS_PODFILE_DIR_PATH}/Podfile.lock",
				"${PODS_ROOT}/Manifest.lock",
			);
			name = "[CP] Check Pods Manifest.lock";
			outputFileListPaths = (
			);
			outputPaths = (
				"$(DERIVED_FILE_DIR)/Pods-bancolombia0823-checkManifestLockResult.txt",
			);
			runOnlyForDeploymentPostprocessing = 0;
			shellPath = /bin/sh;
			shellScript = "diff \"${PODS_PODFILE_DIR_PATH}/Podfile.lock\" \"${PODS_ROOT}/Manifest.lock\" > /dev/null\nif [ $? != 0 ] ; then\n    # print error to STDERR\n    echo \"error: The sandbox is not in sync with the Podfile.lock. Run 'pod install' or update your CocoaPods installation.\" >&2\n    exit 1\nfi\n# This output is used by Xcode 'outputs' to avoid re-running this script phase.\necho \"SUCCESS\" > \"${SCRIPT_OUTPUT_FILE_0}\"\n";
			showEnvVarsInLog = 0;
		};
		AD4010C7B4AF93AAC489A821 /* [CP] Embed Pods Frameworks */ = {
			isa = PBXShellScriptBuildPhase;
			buildActionMask = 2147483647;
			files = (
			);
			inputFileListPaths = (
				"${PODS_ROOT}/Target Support Files/Pods-bancolombia0823-bancolombia0823Tests/Pods-bancolombia0823-bancolombia0823Tests-frameworks-${CONFIGURATION}-input-files.xcfilelist",
			);
			name = "[CP] Embed Pods Frameworks";
			outputFileListPaths = (
				"${PODS_ROOT}/Target Support Files/Pods-bancolombia0823-bancolombia0823Tests/Pods-bancolombia0823-bancolombia0823Tests-frameworks-${CONFIGURATION}-output-files.xcfilelist",
			);
			runOnlyForDeploymentPostprocessing = 0;
			shellPath = /bin/sh;
			shellScript = "\"${PODS_ROOT}/Target Support Files/Pods-bancolombia0823-bancolombia0823Tests/Pods-bancolombia0823-bancolombia0823Tests-frameworks.sh\"\n";
			showEnvVarsInLog = 0;
		};
		EDFD361E9F4C9E5B50C6BC70 /* [CP] Embed Pods Frameworks */ = {
			isa = PBXShellScriptBuildPhase;
			buildActionMask = 2147483647;
			files = (
			);
			inputFileListPaths = (
				"${PODS_ROOT}/Target Support Files/Pods-bancolombia0823/Pods-bancolombia0823-frameworks-${CONFIGURATION}-input-files.xcfilelist",
			);
			name = "[CP] Embed Pods Frameworks";
			outputFileListPaths = (
				"${PODS_ROOT}/Target Support Files/Pods-bancolombia0823/Pods-bancolombia0823-frameworks-${CONFIGURATION}-output-files.xcfilelist",
			);
			runOnlyForDeploymentPostprocessing = 0;
			shellPath = /bin/sh;
			shellScript = "\"${PODS_ROOT}/Target Support Files/Pods-bancolombia0823/Pods-bancolombia0823-frameworks.sh\"\n";
			showEnvVarsInLog = 0;
		};
		F0171AD1EC50F64CFDD77AB7 /* [CP] Copy Pods Resources */ = {
			isa = PBXShellScriptBuildPhase;
			buildActionMask = 2147483647;
			files = (
			);
			inputFileListPaths = (
				"${PODS_ROOT}/Target Support Files/Pods-bancolombia0823/Pods-bancolombia0823-resources-${CONFIGURATION}-input-files.xcfilelist",
			);
			name = "[CP] Copy Pods Resources";
			outputFileListPaths = (
				"${PODS_ROOT}/Target Support Files/Pods-bancolombia0823/Pods-bancolombia0823-resources-${CONFIGURATION}-output-files.xcfilelist",
			);
			runOnlyForDeploymentPostprocessing = 0;
			shellPath = /bin/sh;
			shellScript = "\"${PODS_ROOT}/Target Support Files/Pods-bancolombia0823/Pods-bancolombia0823-resources.sh\"\n";
			showEnvVarsInLog = 0;
		};
		FD10A7F022414F080027D42C /* Start Packager */ = {
			isa = PBXShellScriptBuildPhase;
			buildActionMask = 2147483647;
			files = (
			);
			inputFileListPaths = (
			);
			inputPaths = (
			);
			name = "Start Packager";
			outputFileListPaths = (
			);
			outputPaths = (
			);
			runOnlyForDeploymentPostprocessing = 0;
			shellPath = /bin/sh;
			shellScript = "export RCT_METRO_PORT=\"${RCT_METRO_PORT:=8081}\"\necho \"export RCT_METRO_PORT=${RCT_METRO_PORT}\" > \"${SRCROOT}/../node_modules/react-native/scripts/.packager.env\"\nif [ -z \"${RCT_NO_LAUNCH_PACKAGER+xxx}\" ] ; then\n  if nc -w 5 -z localhost ${RCT_METRO_PORT} ; then\n    if ! curl -s \"http://localhost:${RCT_METRO_PORT}/status\" | grep -q \"packager-status:running\" ; then\n      echo \"Port ${RCT_METRO_PORT} already in use, packager is either not running or not running correctly\"\n      exit 2\n    fi\n  else\n    open \"$SRCROOT/../node_modules/react-native/scripts/launchPackager.command\" || echo \"Can't start packager automatically\"\n  fi\nfi\n";
			showEnvVarsInLog = 0;
		};
/* End PBXShellScriptBuildPhase section */

/* Begin PBXSourcesBuildPhase section */
		00E356EA1AD99517003FC87E /* Sources */ = {
			isa = PBXSourcesBuildPhase;
			buildActionMask = 2147483647;
			files = (
				00E356F31AD99517003FC87E /* bancolombia0823Tests.m in Sources */,
			);
			runOnlyForDeploymentPostprocessing = 0;
		};
		13B07F871A680F5B00A75B9A /* Sources */ = {
			isa = PBXSourcesBuildPhase;
			buildActionMask = 2147483647;
			files = (
				A5D950C62A7C63B200CB88ED /* Dynamic.swift in Sources */,
				13B07FBC1A68108700A75B9A /* AppDelegate.mm in Sources */,
				13B07FC11A68108700A75B9A /* main.m in Sources */,
			);
			runOnlyForDeploymentPostprocessing = 0;
		};
/* End PBXSourcesBuildPhase section */

/* Begin PBXTargetDependency section */
		00E356F51AD99517003FC87E /* PBXTargetDependency */ = {
			isa = PBXTargetDependency;
			target = 13B07F861A680F5B00A75B9A /* bancolombia0823 */;
			targetProxy = 00E356F41AD99517003FC87E /* PBXContainerItemProxy */;
		};
/* End PBXTargetDependency section */

/* Begin XCBuildConfiguration section */
		00E356F61AD99517003FC87E /* Debug */ = {
			isa = XCBuildConfiguration;
			baseConfigurationReference = 21ADBB13C6BB2A0F58C8718D /* Pods-bancolombia0823-bancolombia0823Tests.debug.xcconfig */;
			buildSettings = {
				ALWAYS_EMBED_SWIFT_STANDARD_LIBRARIES = YES;
				BUNDLE_LOADER = "$(TEST_HOST)";
				GCC_PREPROCESSOR_DEFINITIONS = (
					"DEBUG=1",
					"$(inherited)",
				);
				INFOPLIST_FILE = bancolombia0823Tests/Info.plist;
				IPHONEOS_DEPLOYMENT_TARGET = 12.4;
				LD_RUNPATH_SEARCH_PATHS = (
					"$(inherited)",
					"@executable_path/Frameworks",
					"@loader_path/Frameworks",
				);
				OTHER_LDFLAGS = (
					"-ObjC",
					"-lc++",
					"$(inherited)",
				);
				PRODUCT_BUNDLE_IDENTIFIER = com.mastercard.labs.laas.bancolombia0823;
				PRODUCT_NAME = "$(TARGET_NAME)";
				TEST_HOST = "$(BUILT_PRODUCTS_DIR)/bancolombia0823.app/bancolombia0823";
			};
			name = Debug;
		};
		00E356F71AD99517003FC87E /* Release */ = {
			isa = XCBuildConfiguration;
			baseConfigurationReference = 7E2615C2C6C7895556928048 /* Pods-bancolombia0823-bancolombia0823Tests.release.xcconfig */;
			buildSettings = {
				ALWAYS_EMBED_SWIFT_STANDARD_LIBRARIES = YES;
				BUNDLE_LOADER = "$(TEST_HOST)";
				COPY_PHASE_STRIP = NO;
				INFOPLIST_FILE = bancolombia0823Tests/Info.plist;
				IPHONEOS_DEPLOYMENT_TARGET = 12.4;
				LD_RUNPATH_SEARCH_PATHS = (
					"$(inherited)",
					"@executable_path/Frameworks",
					"@loader_path/Frameworks",
				);
				OTHER_LDFLAGS = (
					"-ObjC",
					"-lc++",
					"$(inherited)",
				);
				PRODUCT_BUNDLE_IDENTIFIER = com.mastercard.labs.laas.bancolombia0823;
				PRODUCT_NAME = "$(TARGET_NAME)";
				TEST_HOST = "$(BUILT_PRODUCTS_DIR)/bancolombia0823.app/bancolombia0823";
			};
			name = Release;
		};
		13B07F941A680F5B00A75B9A /* Debug */ = {
			isa = XCBuildConfiguration;
			baseConfigurationReference = 27C273376F02247725221A91 /* Pods-bancolombia0823.debug.xcconfig */;
			buildSettings = {
				ASSETCATALOG_COMPILER_APPICON_NAME = AppIcon;
				CLANG_ENABLE_MODULES = YES;
				CODE_SIGN_ENTITLEMENTS = bancolombia0823/bancolombia0823.entitlements;
				CODE_SIGN_IDENTITY = "Apple Development";
				CODE_SIGN_STYLE = Automatic;
				CURRENT_PROJECT_VERSION = 1;
				DEFINES_MODULE = YES;
				DEVELOPMENT_TEAM = FARWN7FEXX;
				ENABLE_BITCODE = NO;
				INFOPLIST_FILE = bancolombia0823/Info.plist;
				INFOPLIST_KEY_CFBundleDisplayName = Launchpad;
				"INFOPLIST_KEY_CFBundleDisplayName[sdk=iphoneos*]" = Launchpad;
				INFOPLIST_KEY_LSApplicationCategoryType = "public.app-category.finance";
				LD_RUNPATH_SEARCH_PATHS = (
					"$(inherited)",
					"@executable_path/Frameworks",
				);
				MARKETING_VERSION = "";
				"MARKETING_VERSION[sdk=iphoneos*]" = 1.0;
				OTHER_LDFLAGS = (
					"$(inherited)",
					"-ObjC",
					"-lc++",
				);
				PRODUCT_BUNDLE_IDENTIFIER = com.mastercard.labs.laas.bancolombia0823;
				PRODUCT_NAME = bancolombia0823;
				PROVISIONING_PROFILE_SPECIFIER = "";
				SWIFT_OBJC_BRIDGING_HEADER = "bancolombia0823-Bridging-Header.h";
				SWIFT_OPTIMIZATION_LEVEL = "-Onone";
				SWIFT_VERSION = 5.0;
				VERSIONING_SYSTEM = "apple-generic";
			};
			name = Debug;
		};
		13B07F951A680F5B00A75B9A /* Release */ = {
			isa = XCBuildConfiguration;
			baseConfigurationReference = A12CFB36C6B7C3EAAA919C62 /* Pods-bancolombia0823.release.xcconfig */;
			buildSettings = {
				ASSETCATALOG_COMPILER_APPICON_NAME = AppIcon;
				CLANG_ENABLE_MODULES = YES;
				CODE_SIGN_ENTITLEMENTS = bancolombia0823/bancolombia0823.entitlements;
				CODE_SIGN_IDENTITY = "Apple Development";
				CODE_SIGN_STYLE = Automatic;
				CURRENT_PROJECT_VERSION = 1;
				DEFINES_MODULE = YES;
				DEVELOPMENT_TEAM = FARWN7FEXX;
				INFOPLIST_FILE = bancolombia0823/Info.plist;
				INFOPLIST_KEY_CFBundleDisplayName = Launchpad;
				INFOPLIST_KEY_LSApplicationCategoryType = "public.app-category.finance";
				LD_RUNPATH_SEARCH_PATHS = (
					"$(inherited)",
					"@executable_path/Frameworks",
				);
				MARKETING_VERSION = "";
				"MARKETING_VERSION[sdk=iphoneos*]" = 1.0;
				OTHER_LDFLAGS = (
					"$(inherited)",
					"-ObjC",
					"-lc++",
				);
				PRODUCT_BUNDLE_IDENTIFIER = com.mastercard.labs.laas.bancolombia0823;
				PRODUCT_NAME = bancolombia0823;
				PROVISIONING_PROFILE_SPECIFIER = "";
				SWIFT_OBJC_BRIDGING_HEADER = "bancolombia0823-Bridging-Header.h";
				SWIFT_VERSION = 5.0;
				VERSIONING_SYSTEM = "apple-generic";
			};
			name = Release;
		};
		83CBBA201A601CBA00E9B192 /* Debug */ = {
			isa = XCBuildConfiguration;
			buildSettings = {
				ALWAYS_SEARCH_USER_PATHS = NO;
				CLANG_ANALYZER_LOCALIZABILITY_NONLOCALIZED = YES;
				CLANG_CXX_LANGUAGE_STANDARD = "c++17";
				CLANG_CXX_LIBRARY = "libc++";
				CLANG_ENABLE_MODULES = YES;
				CLANG_ENABLE_OBJC_ARC = YES;
				CLANG_WARN_BLOCK_CAPTURE_AUTORELEASING = YES;
				CLANG_WARN_BOOL_CONVERSION = YES;
				CLANG_WARN_COMMA = YES;
				CLANG_WARN_CONSTANT_CONVERSION = YES;
				CLANG_WARN_DEPRECATED_OBJC_IMPLEMENTATIONS = YES;
				CLANG_WARN_DIRECT_OBJC_ISA_USAGE = YES_ERROR;
				CLANG_WARN_EMPTY_BODY = YES;
				CLANG_WARN_ENUM_CONVERSION = YES;
				CLANG_WARN_INFINITE_RECURSION = YES;
				CLANG_WARN_INT_CONVERSION = YES;
				CLANG_WARN_NON_LITERAL_NULL_CONVERSION = YES;
				CLANG_WARN_OBJC_IMPLICIT_RETAIN_SELF = YES;
				CLANG_WARN_OBJC_LITERAL_CONVERSION = YES;
				CLANG_WARN_OBJC_ROOT_CLASS = YES_ERROR;
				CLANG_WARN_QUOTED_INCLUDE_IN_FRAMEWORK_HEADER = YES;
				CLANG_WARN_RANGE_LOOP_ANALYSIS = YES;
				CLANG_WARN_STRICT_PROTOTYPES = YES;
				CLANG_WARN_SUSPICIOUS_MOVE = YES;
				CLANG_WARN_UNREACHABLE_CODE = YES;
				CLANG_WARN__DUPLICATE_METHOD_MATCH = YES;
				"CODE_SIGN_IDENTITY[sdk=iphoneos*]" = "iPhone Developer";
				COPY_PHASE_STRIP = NO;
				ENABLE_STRICT_OBJC_MSGSEND = YES;
				ENABLE_TESTABILITY = YES;
				"EXCLUDED_ARCHS[sdk=iphonesimulator*]" = i386;
				GCC_C_LANGUAGE_STANDARD = gnu99;
				GCC_DYNAMIC_NO_PIC = NO;
				GCC_NO_COMMON_BLOCKS = YES;
				GCC_OPTIMIZATION_LEVEL = 0;
				GCC_PREPROCESSOR_DEFINITIONS = (
					"DEBUG=1",
					"$(inherited)",
				);
				GCC_SYMBOLS_PRIVATE_EXTERN = NO;
				GCC_WARN_64_TO_32_BIT_CONVERSION = YES;
				GCC_WARN_ABOUT_RETURN_TYPE = YES_ERROR;
				GCC_WARN_UNDECLARED_SELECTOR = YES;
				GCC_WARN_UNINITIALIZED_AUTOS = YES_AGGRESSIVE;
				GCC_WARN_UNUSED_FUNCTION = YES;
				GCC_WARN_UNUSED_VARIABLE = YES;
				IPHONEOS_DEPLOYMENT_TARGET = 12.4;
				LD_RUNPATH_SEARCH_PATHS = (
					/usr/lib/swift,
					"$(inherited)",
				);
				LIBRARY_SEARCH_PATHS = (
					"\"$(SDKROOT)/usr/lib/swift\"",
					"\"$(TOOLCHAIN_DIR)/usr/lib/swift/$(PLATFORM_NAME)\"",
					"\"$(inherited)\"",
				);
				MTL_ENABLE_DEBUG_INFO = YES;
				ONLY_ACTIVE_ARCH = YES;
				OTHER_CPLUSPLUSFLAGS = (
					"$(OTHER_CFLAGS)",
					"-DFOLLY_NO_CONFIG",
					"-DFOLLY_MOBILE=1",
					"-DFOLLY_USE_LIBCPP=1",
				);
				REACT_NATIVE_PATH = "${PODS_ROOT}/../../node_modules/react-native";
				SDKROOT = iphoneos;
			};
			name = Debug;
		};
		83CBBA211A601CBA00E9B192 /* Release */ = {
			isa = XCBuildConfiguration;
			buildSettings = {
				ALWAYS_SEARCH_USER_PATHS = NO;
				CLANG_ANALYZER_LOCALIZABILITY_NONLOCALIZED = YES;
				CLANG_CXX_LANGUAGE_STANDARD = "c++17";
				CLANG_CXX_LIBRARY = "libc++";
				CLANG_ENABLE_MODULES = YES;
				CLANG_ENABLE_OBJC_ARC = YES;
				CLANG_WARN_BLOCK_CAPTURE_AUTORELEASING = YES;
				CLANG_WARN_BOOL_CONVERSION = YES;
				CLANG_WARN_COMMA = YES;
				CLANG_WARN_CONSTANT_CONVERSION = YES;
				CLANG_WARN_DEPRECATED_OBJC_IMPLEMENTATIONS = YES;
				CLANG_WARN_DIRECT_OBJC_ISA_USAGE = YES_ERROR;
				CLANG_WARN_EMPTY_BODY = YES;
				CLANG_WARN_ENUM_CONVERSION = YES;
				CLANG_WARN_INFINITE_RECURSION = YES;
				CLANG_WARN_INT_CONVERSION = YES;
				CLANG_WARN_NON_LITERAL_NULL_CONVERSION = YES;
				CLANG_WARN_OBJC_IMPLICIT_RETAIN_SELF = YES;
				CLANG_WARN_OBJC_LITERAL_CONVERSION = YES;
				CLANG_WARN_OBJC_ROOT_CLASS = YES_ERROR;
				CLANG_WARN_QUOTED_INCLUDE_IN_FRAMEWORK_HEADER = YES;
				CLANG_WARN_RANGE_LOOP_ANALYSIS = YES;
				CLANG_WARN_STRICT_PROTOTYPES = YES;
				CLANG_WARN_SUSPICIOUS_MOVE = YES;
				CLANG_WARN_UNREACHABLE_CODE = YES;
				CLANG_WARN__DUPLICATE_METHOD_MATCH = YES;
				"CODE_SIGN_IDENTITY[sdk=iphoneos*]" = "iPhone Developer";
				COPY_PHASE_STRIP = YES;
				ENABLE_NS_ASSERTIONS = NO;
				ENABLE_STRICT_OBJC_MSGSEND = YES;
				"EXCLUDED_ARCHS[sdk=iphonesimulator*]" = i386;
				GCC_C_LANGUAGE_STANDARD = gnu99;
				GCC_NO_COMMON_BLOCKS = YES;
				GCC_WARN_64_TO_32_BIT_CONVERSION = YES;
				GCC_WARN_ABOUT_RETURN_TYPE = YES_ERROR;
				GCC_WARN_UNDECLARED_SELECTOR = YES;
				GCC_WARN_UNINITIALIZED_AUTOS = YES_AGGRESSIVE;
				GCC_WARN_UNUSED_FUNCTION = YES;
				GCC_WARN_UNUSED_VARIABLE = YES;
				IPHONEOS_DEPLOYMENT_TARGET = 12.4;
				LD_RUNPATH_SEARCH_PATHS = (
					/usr/lib/swift,
					"$(inherited)",
				);
				LIBRARY_SEARCH_PATHS = (
					"\"$(SDKROOT)/usr/lib/swift\"",
					"\"$(TOOLCHAIN_DIR)/usr/lib/swift/$(PLATFORM_NAME)\"",
					"\"$(inherited)\"",
				);
				MTL_ENABLE_DEBUG_INFO = NO;
				OTHER_CPLUSPLUSFLAGS = (
					"$(OTHER_CFLAGS)",
					"-DFOLLY_NO_CONFIG",
					"-DFOLLY_MOBILE=1",
					"-DFOLLY_USE_LIBCPP=1",
				);
				REACT_NATIVE_PATH = "${PODS_ROOT}/../../node_modules/react-native";
				SDKROOT = iphoneos;
				VALIDATE_PRODUCT = YES;
			};
			name = Release;
		};
/* End XCBuildConfiguration section */

/* Begin XCConfigurationList section */
		00E357021AD99517003FC87E /* Build configuration list for PBXNativeTarget "bancolombia0823Tests" */ = {
			isa = XCConfigurationList;
			buildConfigurations = (
				00E356F61AD99517003FC87E /* Debug */,
				00E356F71AD99517003FC87E /* Release */,
			);
			defaultConfigurationIsVisible = 0;
			defaultConfigurationName = Release;
		};
		13B07F931A680F5B00A75B9A /* Build configuration list for PBXNativeTarget "bancolombia0823" */ = {
			isa = XCConfigurationList;
			buildConfigurations = (
				13B07F941A680F5B00A75B9A /* Debug */,
				13B07F951A680F5B00A75B9A /* Release */,
			);
			defaultConfigurationIsVisible = 0;
			defaultConfigurationName = Release;
		};
		83CBB9FA1A601CBA00E9B192 /* Build configuration list for PBXProject "bancolombia0823" */ = {
			isa = XCConfigurationList;
			buildConfigurations = (
				83CBBA201A601CBA00E9B192 /* Debug */,
				83CBBA211A601CBA00E9B192 /* Release */,
			);
			defaultConfigurationIsVisible = 0;
			defaultConfigurationName = Release;
		};
/* End XCConfigurationList section */
	};
	rootObject = 83CBB9F71A601CBA00E9B192 /* Project object */;
}
